
Microsoft Visual Studio Solution File, Format Version 12.00
# Visual Studio Version 17
VisualStudioVersion = 17.14.36414.22 d17.14
MinimumVisualStudioVersion = 10.0.40219.1
Project("{FAE04EC0-301F-11D3-BF4B-00C04F79EFBC}") = "StudentCourseRegistration", "StudentCourseRegistration\StudentCourseRegistration.csproj", "{67774DFD-6C2E-4775-ACB9-6432B3D1DAC5}"
EndProject
Global
	GlobalSection(SolutionConfigurationPlatforms) = preSolution
		Debug|Any CPU = Debug|Any CPU
		Release|Any CPU = Release|Any CPU
	EndGlobalSection
	GlobalSection(ProjectConfigurationPlatforms) = postSolution
		{67774DFD-6C2E-4775-ACB9-6432B3D1DAC5}.Debug|Any CPU.ActiveCfg = Debug|Any CPU
		{67774DFD-6C2E-4775-ACB9-6432B3D1DAC5}.Debug|Any CPU.Build.0 = Debug|Any CPU
		{67774DFD-6C2E-4775-ACB9-6432B3D1DAC5}.Release|Any CPU.ActiveCfg = Release|Any CPU
		{67774DFD-6C2E-4775-ACB9-6432B3D1DAC5}.Release|Any CPU.Build.0 = Release|Any CPU
	EndGlobalSection
	GlobalSection(SolutionProperties) = preSolution
		HideSolutionNode = FALSE
	EndGlobalSection
	GlobalSection(ExtensibilityGlobals) = postSolution
		SolutionGuid = {4B871EF2-D42C-4ECD-A776-704E23A7DB28}
	EndGlobalSection
EndGlobal
